<Solution>
  <Project Path="Maliev.PurchaseOrderService.Api/Maliev.PurchaseOrderService.Api.csproj" />
  <Project Path="Maliev.PurchaseOrderService.Domain/Maliev.PurchaseOrderService.Domain.csproj" />
  <Project Path="Maliev.PurchaseOrderService.Infrastructure/Maliev.PurchaseOrderService.Infrastructure.csproj" />
  <Project Path="Maliev.PurchaseOrderService.Tests/Maliev.PurchaseOrderService.Tests.csproj" />
</Solution>
