
Microsoft Visual Studio Solution File, Format Version 12.00
# Visual Studio Version 17
VisualStudioVersion = 17.0.31903.59
MinimumVisualStudioVersion = 10.0.40219.1
Project("{FAE04EC0-301F-11D3-BF4B-00C04F79EFBC}") = "Maliev.PurchaseOrderService.Api", "Maliev.PurchaseOrderService.Api\Maliev.PurchaseOrderService.Api.csproj", "{CCF95B98-1331-4817-BF34-D4606502F72E}"
EndProject
Project("{FAE04EC0-301F-11D3-BF4B-00C04F79EFBC}") = "Maliev.PurchaseOrderService.Data", "Maliev.PurchaseOrderService.Data\Maliev.PurchaseOrderService.Data.csproj", "{D4E44683-F8C2-4D61-9A87-57AEA5301BEF}"
EndProject
Project("{FAE04EC0-301F-11D3-BF4B-00C04F79EFBC}") = "Maliev.PurchaseOrderService.Tests", "Maliev.PurchaseOrderService.Tests\Maliev.PurchaseOrderService.Tests.csproj", "{757A45DD-B882-4E56-B039-237F2ABEB7D3}"
EndProject
Project("{FAE04EC0-301F-11D3-BF4B-00C04F79EFBC}") = "Maliev.PurchaseOrderService.Common", "Maliev.PurchaseOrderService.Common\Maliev.PurchaseOrderService.Common.csproj", "{365ECBD0-BA43-4099-9FCD-E1AF2F68ED26}"
EndProject
Global
	GlobalSection(SolutionConfigurationPlatforms) = preSolution
		Debug|Any CPU = Debug|Any CPU
		Debug|x64 = Debug|x64
		Debug|x86 = Debug|x86
		Release|Any CPU = Release|Any CPU
		Release|x64 = Release|x64
		Release|x86 = Release|x86
	EndGlobalSection
	GlobalSection(ProjectConfigurationPlatforms) = postSolution
		{CCF95B98-1331-4817-BF34-D4606502F72E}.Debug|Any CPU.ActiveCfg = Debug|Any CPU
		{CCF95B98-1331-4817-BF34-D4606502F72E}.Debug|Any CPU.Build.0 = Debug|Any CPU
		{CCF95B98-1331-4817-BF34-D4606502F72E}.Debug|x64.ActiveCfg = Debug|Any CPU
		{CCF95B98-1331-4817-BF34-D4606502F72E}.Debug|x64.Build.0 = Debug|Any CPU
		{CCF95B98-1331-4817-BF34-D4606502F72E}.Debug|x86.ActiveCfg = Debug|Any CPU
		{CCF95B98-1331-4817-BF34-D4606502F72E}.Debug|x86.Build.0 = Debug|Any CPU
		{CCF95B98-1331-4817-BF34-D4606502F72E}.Release|Any CPU.ActiveCfg = Release|Any CPU
		{CCF95B98-1331-4817-BF34-D4606502F72E}.Release|Any CPU.Build.0 = Release|Any CPU
		{CCF95B98-1331-4817-BF34-D4606502F72E}.Release|x64.ActiveCfg = Release|Any CPU
		{CCF95B98-1331-4817-BF34-D4606502F72E}.Release|x64.Build.0 = Release|Any CPU
		{CCF95B98-1331-4817-BF34-D4606502F72E}.Release|x86.ActiveCfg = Release|Any CPU
		{CCF95B98-1331-4817-BF34-D4606502F72E}.Release|x86.Build.0 = Release|Any CPU
		{D4E44683-F8C2-4D61-9A87-57AEA5301BEF}.Debug|Any CPU.ActiveCfg = Debug|Any CPU
		{D4E44683-F8C2-4D61-9A87-57AEA5301BEF}.Debug|Any CPU.Build.0 = Debug|Any CPU
		{D4E44683-F8C2-4D61-9A87-57AEA5301BEF}.Debug|x64.ActiveCfg = Debug|Any CPU
		{D4E44683-F8C2-4D61-9A87-57AEA5301BEF}.Debug|x64.Build.0 = Debug|Any CPU
		{D4E44683-F8C2-4D61-9A87-57AEA5301BEF}.Debug|x86.ActiveCfg = Debug|Any CPU
		{D4E44683-F8C2-4D61-9A87-57AEA5301BEF}.Debug|x86.Build.0 = Debug|Any CPU
		{D4E44683-F8C2-4D61-9A87-57AEA5301BEF}.Release|Any CPU.ActiveCfg = Release|Any CPU
		{D4E44683-F8C2-4D61-9A87-57AEA5301BEF}.Release|Any CPU.Build.0 = Release|Any CPU
		{D4E44683-F8C2-4D61-9A87-57AEA5301BEF}.Release|x64.ActiveCfg = Release|Any CPU
		{D4E44683-F8C2-4D61-9A87-57AEA5301BEF}.Release|x64.Build.0 = Release|Any CPU
		{D4E44683-F8C2-4D61-9A87-57AEA5301BEF}.Release|x86.ActiveCfg = Release|Any CPU
		{D4E44683-F8C2-4D61-9A87-57AEA5301BEF}.Release|x86.Build.0 = Release|Any CPU
		{757A45DD-B882-4E56-B039-237F2ABEB7D3}.Debug|Any CPU.ActiveCfg = Debug|Any CPU
		{757A45DD-B882-4E56-B039-237F2ABEB7D3}.Debug|Any CPU.Build.0 = Debug|Any CPU
		{757A45DD-B882-4E56-B039-237F2ABEB7D3}.Debug|x64.ActiveCfg = Debug|Any CPU
		{757A45DD-B882-4E56-B039-237F2ABEB7D3}.Debug|x64.Build.0 = Debug|Any CPU
		{757A45DD-B882-4E56-B039-237F2ABEB7D3}.Debug|x86.ActiveCfg = Debug|Any CPU
		{757A45DD-B882-4E56-B039-237F2ABEB7D3}.Debug|x86.Build.0 = Debug|Any CPU
		{757A45DD-B882-4E56-B039-237F2ABEB7D3}.Release|Any CPU.ActiveCfg = Release|Any CPU
		{757A45DD-B882-4E56-B039-237F2ABEB7D3}.Release|Any CPU.Build.0 = Release|Any CPU
		{757A45DD-B882-4E56-B039-237F2ABEB7D3}.Release|x64.ActiveCfg = Release|Any CPU
		{757A45DD-B882-4E56-B039-237F2ABEB7D3}.Release|x64.Build.0 = Release|Any CPU
		{757A45DD-B882-4E56-B039-237F2ABEB7D3}.Release|x86.ActiveCfg = Release|Any CPU
		{757A45DD-B882-4E56-B039-237F2ABEB7D3}.Release|x86.Build.0 = Release|Any CPU
		{365ECBD0-BA43-4099-9FCD-E1AF2F68ED26}.Debug|Any CPU.ActiveCfg = Debug|Any CPU
		{365ECBD0-BA43-4099-9FCD-E1AF2F68ED26}.Debug|Any CPU.Build.0 = Debug|Any CPU
		{365ECBD0-BA43-4099-9FCD-E1AF2F68ED26}.Debug|x64.ActiveCfg = Debug|Any CPU
		{365ECBD0-BA43-4099-9FCD-E1AF2F68ED26}.Debug|x64.Build.0 = Debug|Any CPU
		{365ECBD0-BA43-4099-9FCD-E1AF2F68ED26}.Debug|x86.ActiveCfg = Debug|Any CPU
		{365ECBD0-BA43-4099-9FCD-E1AF2F68ED26}.Debug|x86.Build.0 = Debug|Any CPU
		{365ECBD0-BA43-4099-9FCD-E1AF2F68ED26}.Release|Any CPU.ActiveCfg = Release|Any CPU
		{365ECBD0-BA43-4099-9FCD-E1AF2F68ED26}.Release|Any CPU.Build.0 = Release|Any CPU
		{365ECBD0-BA43-4099-9FCD-E1AF2F68ED26}.Release|x64.ActiveCfg = Release|Any CPU
		{365ECBD0-BA43-4099-9FCD-E1AF2F68ED26}.Release|x64.Build.0 = Release|Any CPU
		{365ECBD0-BA43-4099-9FCD-E1AF2F68ED26}.Release|x86.ActiveCfg = Release|Any CPU
		{365ECBD0-BA43-4099-9FCD-E1AF2F68ED26}.Release|x86.Build.0 = Release|Any CPU
	EndGlobalSection
	GlobalSection(SolutionProperties) = preSolution
		HideSolutionNode = FALSE
	EndGlobalSection
EndGlobal
